
Microsoft Visual Studio Solution File, Format Version 12.00
# Visual Studio Version 17
VisualStudioVersion = 17.8.34322.80
MinimumVisualStudioVersion = 10.0.40219.1
Project("{FAE04EC0-301F-11D3-BF4B-00C04F79EFBC}") = "13_December", "13_December.csproj", "{63035757-54F6-4A72-99E0-64526CE9CAE6}"
EndProject
Global
	GlobalSection(SolutionConfigurationPlatforms) = preSolution
		Debug|Any CPU = Debug|Any CPU
		Release|Any CPU = Release|Any CPU
	EndGlobalSection
	GlobalSection(ProjectConfigurationPlatforms) = postSolution
		{63035757-54F6-4A72-99E0-64526CE9CAE6}.Debug|Any CPU.ActiveCfg = Debug|Any CPU
		{63035757-54F6-4A72-99E0-64526CE9CAE6}.Debug|Any CPU.Build.0 = Debug|Any CPU
		{63035757-54F6-4A72-99E0-64526CE9CAE6}.Release|Any CPU.ActiveCfg = Release|Any CPU
		{63035757-54F6-4A72-99E0-64526CE9CAE6}.Release|Any CPU.Build.0 = Release|Any CPU
	EndGlobalSection
	GlobalSection(SolutionProperties) = preSolution
		HideSolutionNode = FALSE
	EndGlobalSection
	GlobalSection(ExtensibilityGlobals) = postSolution
		SolutionGuid = {37A06EE1-3ACE-4DCD-A40F-71E5EDBE35D5}
	EndGlobalSection
EndGlobal
