
Microsoft Visual Studio Solution File, Format Version 12.00
# Visual Studio Version 17
VisualStudioVersion = 17.8.34322.80
MinimumVisualStudioVersion = 10.0.40219.1
Project("{FAE04EC0-301F-11D3-BF4B-00C04F79EFBC}") = "21_December", "21_December.csproj", "{CA06F9E3-01FD-41AB-A383-26517428CEA5}"
EndProject
Global
	GlobalSection(SolutionConfigurationPlatforms) = preSolution
		Debug|Any CPU = Debug|Any CPU
		Release|Any CPU = Release|Any CPU
	EndGlobalSection
	GlobalSection(ProjectConfigurationPlatforms) = postSolution
		{CA06F9E3-01FD-41AB-A383-26517428CEA5}.Debug|Any CPU.ActiveCfg = Debug|Any CPU
		{CA06F9E3-01FD-41AB-A383-26517428CEA5}.Debug|Any CPU.Build.0 = Debug|Any CPU
		{CA06F9E3-01FD-41AB-A383-26517428CEA5}.Release|Any CPU.ActiveCfg = Release|Any CPU
		{CA06F9E3-01FD-41AB-A383-26517428CEA5}.Release|Any CPU.Build.0 = Release|Any CPU
	EndGlobalSection
	GlobalSection(SolutionProperties) = preSolution
		HideSolutionNode = FALSE
	EndGlobalSection
	GlobalSection(ExtensibilityGlobals) = postSolution
		SolutionGuid = {6D634B35-3340-4FA2-B8E4-4F8DD468035C}
	EndGlobalSection
EndGlobal
